// !$*UTF8*$!
{
	archiveVersion = 1;
	classes = {
	};
	objectVersion = 52;
	objects = {

/* Begin PBXBuildFile section */
		013674B6256ECB3900566821 /* QRCodeUI.swift in Sources */ = {isa = PBXBuildFile; fileRef = 013674B5256ECB3900566821 /* QRCodeUI.swift */; };
		0145723D2556079500809A7F /* cert.der in Resources */ = {isa = PBXBuildFile; fileRef = 0145723C2556079500809A7F /* cert.der */; };
		0175B73825696A0C00946F26 /* NetworkLogin.swift in Sources */ = {isa = PBXBuildFile; fileRef = 0175B73725696A0C00946F26 /* NetworkLogin.swift */; };
		0175B73D25696A9000946F26 /* NetworkManager.swift in Sources */ = {isa = PBXBuildFile; fileRef = 0175B73C25696A9000946F26 /* NetworkManager.swift */; };
		0175B74825696EA800946F26 /* CovidCodeApp.swift in Sources */ = {isa = PBXBuildFile; fileRef = 0175B74725696EA800946F26 /* CovidCodeApp.swift */; };
		0175B7502569EE2400946F26 /* FriendListUI.swift in Sources */ = {isa = PBXBuildFile; fileRef = 0175B74F2569EE2400946F26 /* FriendListUI.swift */; };
		0175B7552569F08000946F26 /* NewFriendUI.swift in Sources */ = {isa = PBXBuildFile; fileRef = 0175B7542569F08000946F26 /* NewFriendUI.swift */; };
		017F1A3525702BAD00C82321 /* ProfileUI.swift in Sources */ = {isa = PBXBuildFile; fileRef = 017F1A3425702BAD00C82321 /* ProfileUI.swift */; };
		017F1A3A25702BED00C82321 /* EditProfileUI.swift in Sources */ = {isa = PBXBuildFile; fileRef = 017F1A3925702BED00C82321 /* EditProfileUI.swift */; };
		017F1A3F25706AA800C82321 /* NetworkGetFriends.swift in Sources */ = {isa = PBXBuildFile; fileRef = 017F1A3E25706AA800C82321 /* NetworkGetFriends.swift */; };
		0184F7272553B56A008655E6 /* LoginUI.swift in Sources */ = {isa = PBXBuildFile; fileRef = 0184F7262553B56A008655E6 /* LoginUI.swift */; };
		0184F7292553B56D008655E6 /* Assets.xcassets in Resources */ = {isa = PBXBuildFile; fileRef = 0184F7282553B56D008655E6 /* Assets.xcassets */; };
		0184F72C2553B56D008655E6 /* Preview Assets.xcassets in Resources */ = {isa = PBXBuildFile; fileRef = 0184F72B2553B56D008655E6 /* Preview Assets.xcassets */; };
		0184F7372553B56D008655E6 /* CovidCodeTests.swift in Sources */ = {isa = PBXBuildFile; fileRef = 0184F7362553B56D008655E6 /* CovidCodeTests.swift */; };
		0184F7422553B56E008655E6 /* CovidCodeUITests.swift in Sources */ = {isa = PBXBuildFile; fileRef = 0184F7412553B56E008655E6 /* CovidCodeUITests.swift */; };
		0184F7542553C1ED008655E6 /* HomescreenUI.swift in Sources */ = {isa = PBXBuildFile; fileRef = 0184F7532553C1ED008655E6 /* HomescreenUI.swift */; };
		0184F7892553C71E008655E6 /* CovidDiagnosisUI.swift in Sources */ = {isa = PBXBuildFile; fileRef = 0184F7882553C71E008655E6 /* CovidDiagnosisUI.swift */; };
		019F686B25683C3E000E2CC5 /* TabControllerUI.swift in Sources */ = {isa = PBXBuildFile; fileRef = 019F686A25683C3E000E2CC5 /* TabControllerUI.swift */; };
		019F688C256852F3000E2CC5 /* CalendarUI.swift in Sources */ = {isa = PBXBuildFile; fileRef = 019F688B256852F3000E2CC5 /* CalendarUI.swift */; };
		019F68912568BE1E000E2CC5 /* CurrentDateInfoBoxUI.swift in Sources */ = {isa = PBXBuildFile; fileRef = 019F68902568BE1E000E2CC5 /* CurrentDateInfoBoxUI.swift */; };
		01F437182576B9C5006CD5BC /* CodeScanner in Frameworks */ = {isa = PBXBuildFile; productRef = 01F437172576B9C5006CD5BC /* CodeScanner */; };
		135100B9257D9A8100DB52DE /* Heatmap.swift in Sources */ = {isa = PBXBuildFile; fileRef = 135100B7257D9A8000DB52DE /* Heatmap.swift */; };
		135100BA257D9A8100DB52DE /* MapUI.swift in Sources */ = {isa = PBXBuildFile; fileRef = 135100B8257D9A8100DB52DE /* MapUI.swift */; };
		13B55A322582D65F00BA3DE4 /* NetworkGetLocations.swift in Sources */ = {isa = PBXBuildFile; fileRef = 13B55A312582D65F00BA3DE4 /* NetworkGetLocations.swift */; };
		13B55A4F258434F500BA3DE4 /* sampleRisks.json in Resources */ = {isa = PBXBuildFile; fileRef = 13B55A4E258434F500BA3DE4 /* sampleRisks.json */; };
		5A0508C82571A3A600A04E84 /* NetworkNewRisk.swift in Sources */ = {isa = PBXBuildFile; fileRef = 5A0508C72571A3A600A04E84 /* NetworkNewRisk.swift */; };
		5A9D6E6A2579A458009250C9 /* NetworkGetIncomingFriends.swift in Sources */ = {isa = PBXBuildFile; fileRef = 5A9D6E692579A458009250C9 /* NetworkGetIncomingFriends.swift */; };
		5A9D6E6F2579AAA5009250C9 /* FriendRequestsUI.swift in Sources */ = {isa = PBXBuildFile; fileRef = 5A9D6E6E2579AAA5009250C9 /* FriendRequestsUI.swift */; };
		5AA988A9257DA05600CC063C /* NetworkGetRisk.swift in Sources */ = {isa = PBXBuildFile; fileRef = 5AA988A8257DA05600CC063C /* NetworkGetRisk.swift */; };
		5AAE40A9256C3CB100FD7C53 /* VisualEffectBlur.swift in Sources */ = {isa = PBXBuildFile; fileRef = 5AAE40A8256C3CB100FD7C53 /* VisualEffectBlur.swift */; };
		5AF6BBFE256C39C500E635F0 /* QuestionCardUI.swift in Sources */ = {isa = PBXBuildFile; fileRef = 5AF6BBFD256C39C500E635F0 /* QuestionCardUI.swift */; };
		5AF6BC03256C39CB00E635F0 /* QuestionnaireUI.swift in Sources */ = {isa = PBXBuildFile; fileRef = 5AF6BC02256C39CB00E635F0 /* QuestionnaireUI.swift */; };
		5AFB669D256EF5FC00FAF965 /* RegisterUI.swift in Sources */ = {isa = PBXBuildFile; fileRef = 5AFB669C256EF5FC00FAF965 /* RegisterUI.swift */; };
		5AFC334B25815D04006F4E1E /* NetworkGetRiskHistory.swift in Sources */ = {isa = PBXBuildFile; fileRef = 5AFC334A25815D04006F4E1E /* NetworkGetRiskHistory.swift */; };
		700014F439E93482613EB07B /* Pods_CovidCode.framework in Frameworks */ = {isa = PBXBuildFile; fileRef = DED233A3766AF77840771A43 /* Pods_CovidCode.framework */; };
		AA1E2DF6256B00FA0039316C /* NetworkAddFriend.swift in Sources */ = {isa = PBXBuildFile; fileRef = AA1E2DF5256B00FA0039316C /* NetworkAddFriend.swift */; };
		AA1E2DFB256B02C60039316C /* NetworkRemoveFriend.swift in Sources */ = {isa = PBXBuildFile; fileRef = AA1E2DFA256B02C60039316C /* NetworkRemoveFriend.swift */; };
		AA1E2E03256B03A50039316C /* NetworkAddUser.swift in Sources */ = {isa = PBXBuildFile; fileRef = AA1E2E02256B03A50039316C /* NetworkAddUser.swift */; };
		AA1E2E08256B04A90039316C /* NetworkRemoveUser.swift in Sources */ = {isa = PBXBuildFile; fileRef = AA1E2E07256B04A90039316C /* NetworkRemoveUser.swift */; };
/* End PBXBuildFile section */

/* Begin PBXContainerItemProxy section */
		0184F7332553B56D008655E6 /* PBXContainerItemProxy */ = {
			isa = PBXContainerItemProxy;
			containerPortal = 0184F7192553B56A008655E6 /* Project object */;
			proxyType = 1;
			remoteGlobalIDString = 0184F7202553B56A008655E6;
			remoteInfo = CovidCode;
		};
		0184F73E2553B56D008655E6 /* PBXContainerItemProxy */ = {
			isa = PBXContainerItemProxy;
			containerPortal = 0184F7192553B56A008655E6 /* Project object */;
			proxyType = 1;
			remoteGlobalIDString = 0184F7202553B56A008655E6;
			remoteInfo = CovidCode;
		};
/* End PBXContainerItemProxy section */

/* Begin PBXFileReference section */
		013674B5256ECB3900566821 /* QRCodeUI.swift */ = {isa = PBXFileReference; lastKnownFileType = sourcecode.swift; path = QRCodeUI.swift; sourceTree = "<group>"; };
		0145723C2556079500809A7F /* cert.der */ = {isa = PBXFileReference; lastKnownFileType = file; path = cert.der; sourceTree = "<group>"; };
		0175B73725696A0C00946F26 /* NetworkLogin.swift */ = {isa = PBXFileReference; lastKnownFileType = sourcecode.swift; path = NetworkLogin.swift; sourceTree = "<group>"; };
		0175B73C25696A9000946F26 /* NetworkManager.swift */ = {isa = PBXFileReference; lastKnownFileType = sourcecode.swift; path = NetworkManager.swift; sourceTree = "<group>"; };
		0175B74725696EA800946F26 /* CovidCodeApp.swift */ = {isa = PBXFileReference; lastKnownFileType = sourcecode.swift; path = CovidCodeApp.swift; sourceTree = "<group>"; };
		0175B74F2569EE2400946F26 /* FriendListUI.swift */ = {isa = PBXFileReference; lastKnownFileType = sourcecode.swift; path = FriendListUI.swift; sourceTree = "<group>"; };
		0175B7542569F08000946F26 /* NewFriendUI.swift */ = {isa = PBXFileReference; lastKnownFileType = sourcecode.swift; path = NewFriendUI.swift; sourceTree = "<group>"; };
		017F1A3425702BAD00C82321 /* ProfileUI.swift */ = {isa = PBXFileReference; lastKnownFileType = sourcecode.swift; path = ProfileUI.swift; sourceTree = "<group>"; };
		017F1A3925702BED00C82321 /* EditProfileUI.swift */ = {isa = PBXFileReference; lastKnownFileType = sourcecode.swift; path = EditProfileUI.swift; sourceTree = "<group>"; };
		017F1A3E25706AA800C82321 /* NetworkGetFriends.swift */ = {isa = PBXFileReference; lastKnownFileType = sourcecode.swift; path = NetworkGetFriends.swift; sourceTree = "<group>"; };
		0184F7212553B56A008655E6 /* CovidCode.app */ = {isa = PBXFileReference; explicitFileType = wrapper.application; includeInIndex = 0; path = CovidCode.app; sourceTree = BUILT_PRODUCTS_DIR; };
		0184F7262553B56A008655E6 /* LoginUI.swift */ = {isa = PBXFileReference; lastKnownFileType = sourcecode.swift; path = LoginUI.swift; sourceTree = "<group>"; };
		0184F7282553B56D008655E6 /* Assets.xcassets */ = {isa = PBXFileReference; lastKnownFileType = folder.assetcatalog; path = Assets.xcassets; sourceTree = "<group>"; };
		0184F72B2553B56D008655E6 /* Preview Assets.xcassets */ = {isa = PBXFileReference; lastKnownFileType = folder.assetcatalog; path = "Preview Assets.xcassets"; sourceTree = "<group>"; };
		0184F72D2553B56D008655E6 /* Info.plist */ = {isa = PBXFileReference; lastKnownFileType = text.plist.xml; path = Info.plist; sourceTree = "<group>"; };
		0184F7322553B56D008655E6 /* CovidCodeTests.xctest */ = {isa = PBXFileReference; explicitFileType = wrapper.cfbundle; includeInIndex = 0; path = CovidCodeTests.xctest; sourceTree = BUILT_PRODUCTS_DIR; };
		0184F7362553B56D008655E6 /* CovidCodeTests.swift */ = {isa = PBXFileReference; lastKnownFileType = sourcecode.swift; path = CovidCodeTests.swift; sourceTree = "<group>"; };
		0184F7382553B56D008655E6 /* Info.plist */ = {isa = PBXFileReference; lastKnownFileType = text.plist.xml; path = Info.plist; sourceTree = "<group>"; };
		0184F73D2553B56D008655E6 /* CovidCodeUITests.xctest */ = {isa = PBXFileReference; explicitFileType = wrapper.cfbundle; includeInIndex = 0; path = CovidCodeUITests.xctest; sourceTree = BUILT_PRODUCTS_DIR; };
		0184F7412553B56E008655E6 /* CovidCodeUITests.swift */ = {isa = PBXFileReference; lastKnownFileType = sourcecode.swift; path = CovidCodeUITests.swift; sourceTree = "<group>"; };
		0184F7432553B56E008655E6 /* Info.plist */ = {isa = PBXFileReference; lastKnownFileType = text.plist.xml; path = Info.plist; sourceTree = "<group>"; };
		0184F7532553C1ED008655E6 /* HomescreenUI.swift */ = {isa = PBXFileReference; lastKnownFileType = sourcecode.swift; path = HomescreenUI.swift; sourceTree = "<group>"; };
		0184F7882553C71E008655E6 /* CovidDiagnosisUI.swift */ = {isa = PBXFileReference; lastKnownFileType = sourcecode.swift; path = CovidDiagnosisUI.swift; sourceTree = "<group>"; };
		019F686A25683C3E000E2CC5 /* TabControllerUI.swift */ = {isa = PBXFileReference; lastKnownFileType = sourcecode.swift; path = TabControllerUI.swift; sourceTree = "<group>"; };
		019F688B256852F3000E2CC5 /* CalendarUI.swift */ = {isa = PBXFileReference; lastKnownFileType = sourcecode.swift; path = CalendarUI.swift; sourceTree = "<group>"; };
		019F68902568BE1E000E2CC5 /* CurrentDateInfoBoxUI.swift */ = {isa = PBXFileReference; lastKnownFileType = sourcecode.swift; path = CurrentDateInfoBoxUI.swift; sourceTree = "<group>"; };
		135100B7257D9A8000DB52DE /* Heatmap.swift */ = {isa = PBXFileReference; fileEncoding = 4; lastKnownFileType = sourcecode.swift; path = Heatmap.swift; sourceTree = "<group>"; };
		135100B8257D9A8100DB52DE /* MapUI.swift */ = {isa = PBXFileReference; fileEncoding = 4; lastKnownFileType = sourcecode.swift; path = MapUI.swift; sourceTree = "<group>"; };
		13B55A312582D65F00BA3DE4 /* NetworkGetLocations.swift */ = {isa = PBXFileReference; lastKnownFileType = sourcecode.swift; path = NetworkGetLocations.swift; sourceTree = "<group>"; };
		13B55A4E258434F500BA3DE4 /* sampleRisks.json */ = {isa = PBXFileReference; fileEncoding = 4; lastKnownFileType = text.json; path = sampleRisks.json; sourceTree = "<group>"; };
		18BC94DFC9C8095EF81FBEE7 /* Pods-CovidCode.debug.xcconfig */ = {isa = PBXFileReference; includeInIndex = 1; lastKnownFileType = text.xcconfig; name = "Pods-CovidCode.debug.xcconfig"; path = "Target Support Files/Pods-CovidCode/Pods-CovidCode.debug.xcconfig"; sourceTree = "<group>"; };
		56B753D33FB13642614FBB84 /* Pods-CovidCode.release.xcconfig */ = {isa = PBXFileReference; includeInIndex = 1; lastKnownFileType = text.xcconfig; name = "Pods-CovidCode.release.xcconfig"; path = "Target Support Files/Pods-CovidCode/Pods-CovidCode.release.xcconfig"; sourceTree = "<group>"; };
		5A0508C72571A3A600A04E84 /* NetworkNewRisk.swift */ = {isa = PBXFileReference; lastKnownFileType = sourcecode.swift; path = NetworkNewRisk.swift; sourceTree = "<group>"; };
		5A9D6E692579A458009250C9 /* NetworkGetIncomingFriends.swift */ = {isa = PBXFileReference; lastKnownFileType = sourcecode.swift; path = NetworkGetIncomingFriends.swift; sourceTree = "<group>"; };
		5A9D6E6E2579AAA5009250C9 /* FriendRequestsUI.swift */ = {isa = PBXFileReference; lastKnownFileType = sourcecode.swift; path = FriendRequestsUI.swift; sourceTree = "<group>"; };
		5AA988A8257DA05600CC063C /* NetworkGetRisk.swift */ = {isa = PBXFileReference; lastKnownFileType = sourcecode.swift; path = NetworkGetRisk.swift; sourceTree = "<group>"; };
		5AAE40A8256C3CB100FD7C53 /* VisualEffectBlur.swift */ = {isa = PBXFileReference; lastKnownFileType = sourcecode.swift; path = VisualEffectBlur.swift; sourceTree = "<group>"; };
		5AF6BBFD256C39C500E635F0 /* QuestionCardUI.swift */ = {isa = PBXFileReference; fileEncoding = 4; lastKnownFileType = sourcecode.swift; name = QuestionCardUI.swift; path = CovidCode/QuestionCardUI.swift; sourceTree = SOURCE_ROOT; };
		5AF6BC02256C39CB00E635F0 /* QuestionnaireUI.swift */ = {isa = PBXFileReference; fileEncoding = 4; lastKnownFileType = sourcecode.swift; name = QuestionnaireUI.swift; path = CovidCode/QuestionnaireUI.swift; sourceTree = SOURCE_ROOT; };
		5AFB669C256EF5FC00FAF965 /* RegisterUI.swift */ = {isa = PBXFileReference; lastKnownFileType = sourcecode.swift; path = RegisterUI.swift; sourceTree = "<group>"; };
		5AFC334A25815D04006F4E1E /* NetworkGetRiskHistory.swift */ = {isa = PBXFileReference; lastKnownFileType = sourcecode.swift; path = NetworkGetRiskHistory.swift; sourceTree = "<group>"; };
		AA1E2DF5256B00FA0039316C /* NetworkAddFriend.swift */ = {isa = PBXFileReference; lastKnownFileType = sourcecode.swift; path = NetworkAddFriend.swift; sourceTree = "<group>"; };
		AA1E2DFA256B02C60039316C /* NetworkRemoveFriend.swift */ = {isa = PBXFileReference; lastKnownFileType = sourcecode.swift; path = NetworkRemoveFriend.swift; sourceTree = "<group>"; };
		AA1E2E02256B03A50039316C /* NetworkAddUser.swift */ = {isa = PBXFileReference; lastKnownFileType = sourcecode.swift; path = NetworkAddUser.swift; sourceTree = "<group>"; };
		AA1E2E07256B04A90039316C /* NetworkRemoveUser.swift */ = {isa = PBXFileReference; lastKnownFileType = sourcecode.swift; path = NetworkRemoveUser.swift; sourceTree = "<group>"; };
		DED233A3766AF77840771A43 /* Pods_CovidCode.framework */ = {isa = PBXFileReference; explicitFileType = wrapper.framework; includeInIndex = 0; path = Pods_CovidCode.framework; sourceTree = BUILT_PRODUCTS_DIR; };
/* End PBXFileReference section */

/* Begin PBXFrameworksBuildPhase section */
		0184F71E2553B56A008655E6 /* Frameworks */ = {
			isa = PBXFrameworksBuildPhase;
			buildActionMask = 2147483647;
			files = (
				01F437182576B9C5006CD5BC /* CodeScanner in Frameworks */,
				700014F439E93482613EB07B /* Pods_CovidCode.framework in Frameworks */,
			);
			runOnlyForDeploymentPostprocessing = 0;
		};
		0184F72F2553B56D008655E6 /* Frameworks */ = {
			isa = PBXFrameworksBuildPhase;
			buildActionMask = 2147483647;
			files = (
			);
			runOnlyForDeploymentPostprocessing = 0;
		};
		0184F73A2553B56D008655E6 /* Frameworks */ = {
			isa = PBXFrameworksBuildPhase;
			buildActionMask = 2147483647;
			files = (
			);
			runOnlyForDeploymentPostprocessing = 0;
		};
/* End PBXFrameworksBuildPhase section */

/* Begin PBXGroup section */
		0145720C2556003100809A7F /* Network */ = {
			isa = PBXGroup;
			children = (
				0175B73725696A0C00946F26 /* NetworkLogin.swift */,
				0175B73C25696A9000946F26 /* NetworkManager.swift */,
				AA1E2DF5256B00FA0039316C /* NetworkAddFriend.swift */,
				AA1E2DFA256B02C60039316C /* NetworkRemoveFriend.swift */,
				AA1E2E02256B03A50039316C /* NetworkAddUser.swift */,
				AA1E2E07256B04A90039316C /* NetworkRemoveUser.swift */,
				017F1A3E25706AA800C82321 /* NetworkGetFriends.swift */,
				5A0508C72571A3A600A04E84 /* NetworkNewRisk.swift */,
				5A9D6E692579A458009250C9 /* NetworkGetIncomingFriends.swift */,
				5AA988A8257DA05600CC063C /* NetworkGetRisk.swift */,
				5AFC334A25815D04006F4E1E /* NetworkGetRiskHistory.swift */,
				13B55A312582D65F00BA3DE4 /* NetworkGetLocations.swift */,
			);
			path = Network;
			sourceTree = "<group>";
		};
		0184F7182553B56A008655E6 = {
			isa = PBXGroup;
			children = (
				0184F7232553B56A008655E6 /* CovidCode */,
				0184F7352553B56D008655E6 /* CovidCodeTests */,
				0184F7402553B56E008655E6 /* CovidCodeUITests */,
				0184F7222553B56A008655E6 /* Products */,
				777A4745A1C56801FBA5159D /* Pods */,
				8E3F7EFECC5A475E391A0A04 /* Frameworks */,
			);
			sourceTree = "<group>";
		};
		0184F7222553B56A008655E6 /* Products */ = {
			isa = PBXGroup;
			children = (
				0184F7212553B56A008655E6 /* CovidCode.app */,
				0184F7322553B56D008655E6 /* CovidCodeTests.xctest */,
				0184F73D2553B56D008655E6 /* CovidCodeUITests.xctest */,
			);
			name = Products;
			sourceTree = "<group>";
		};
		0184F7232553B56A008655E6 /* CovidCode */ = {
			isa = PBXGroup;
			children = (
				0145723C2556079500809A7F /* cert.der */,
				0145720C2556003100809A7F /* Network */,
				0184F7262553B56A008655E6 /* LoginUI.swift */,
				135100B7257D9A8000DB52DE /* Heatmap.swift */,
				135100B8257D9A8100DB52DE /* MapUI.swift */,
				019F686A25683C3E000E2CC5 /* TabControllerUI.swift */,
				0184F7532553C1ED008655E6 /* HomescreenUI.swift */,
				017F1A3425702BAD00C82321 /* ProfileUI.swift */,
				017F1A3925702BED00C82321 /* EditProfileUI.swift */,
				013674B5256ECB3900566821 /* QRCodeUI.swift */,
				019F688B256852F3000E2CC5 /* CalendarUI.swift */,
				0184F7882553C71E008655E6 /* CovidDiagnosisUI.swift */,
				019F68902568BE1E000E2CC5 /* CurrentDateInfoBoxUI.swift */,
				0184F7282553B56D008655E6 /* Assets.xcassets */,
				5AF6BBFD256C39C500E635F0 /* QuestionCardUI.swift */,
				5AF6BC02256C39CB00E635F0 /* QuestionnaireUI.swift */,
				0184F72D2553B56D008655E6 /* Info.plist */,
				0184F72A2553B56D008655E6 /* Preview Content */,
				0175B74725696EA800946F26 /* CovidCodeApp.swift */,
				13B55A4E258434F500BA3DE4 /* sampleRisks.json */,
				0175B74F2569EE2400946F26 /* FriendListUI.swift */,
				0175B7542569F08000946F26 /* NewFriendUI.swift */,
				5A9D6E6E2579AAA5009250C9 /* FriendRequestsUI.swift */,
				5AAE40A8256C3CB100FD7C53 /* VisualEffectBlur.swift */,
				5AFB669C256EF5FC00FAF965 /* RegisterUI.swift */,
			);
			path = CovidCode;
			sourceTree = "<group>";
		};
		0184F72A2553B56D008655E6 /* Preview Content */ = {
			isa = PBXGroup;
			children = (
				0184F72B2553B56D008655E6 /* Preview Assets.xcassets */,
			);
			path = "Preview Content";
			sourceTree = "<group>";
		};
		0184F7352553B56D008655E6 /* CovidCodeTests */ = {
			isa = PBXGroup;
			children = (
				0184F7362553B56D008655E6 /* CovidCodeTests.swift */,
				0184F7382553B56D008655E6 /* Info.plist */,
			);
			path = CovidCodeTests;
			sourceTree = "<group>";
		};
		0184F7402553B56E008655E6 /* CovidCodeUITests */ = {
			isa = PBXGroup;
			children = (
				0184F7412553B56E008655E6 /* CovidCodeUITests.swift */,
				0184F7432553B56E008655E6 /* Info.plist */,
			);
			path = CovidCodeUITests;
			sourceTree = "<group>";
		};
		777A4745A1C56801FBA5159D /* Pods */ = {
			isa = PBXGroup;
			children = (
				18BC94DFC9C8095EF81FBEE7 /* Pods-CovidCode.debug.xcconfig */,
				56B753D33FB13642614FBB84 /* Pods-CovidCode.release.xcconfig */,
			);
			path = Pods;
			sourceTree = "<group>";
		};
		8E3F7EFECC5A475E391A0A04 /* Frameworks */ = {
			isa = PBXGroup;
			children = (
				DED233A3766AF77840771A43 /* Pods_CovidCode.framework */,
			);
			name = Frameworks;
			sourceTree = "<group>";
		};
/* End PBXGroup section */

/* Begin PBXNativeTarget section */
		0184F7202553B56A008655E6 /* CovidCode */ = {
			isa = PBXNativeTarget;
			buildConfigurationList = 0184F7462553B56E008655E6 /* Build configuration list for PBXNativeTarget "CovidCode" */;
			buildPhases = (
				2A1BCFCE355ABD9EEDA646B3 /* [CP] Check Pods Manifest.lock */,
				0184F71D2553B56A008655E6 /* Sources */,
				0184F71E2553B56A008655E6 /* Frameworks */,
				0184F71F2553B56A008655E6 /* Resources */,
				543D4680F9521135EDA2C837 /* [CP] Copy Pods Resources */,
			);
			buildRules = (
			);
			dependencies = (
			);
			name = CovidCode;
			packageProductDependencies = (
				01F437172576B9C5006CD5BC /* CodeScanner */,
			);
			productName = CovidCode;
			productReference = 0184F7212553B56A008655E6 /* CovidCode.app */;
			productType = "com.apple.product-type.application";
		};
		0184F7312553B56D008655E6 /* CovidCodeTests */ = {
			isa = PBXNativeTarget;
			buildConfigurationList = 0184F7492553B56E008655E6 /* Build configuration list for PBXNativeTarget "CovidCodeTests" */;
			buildPhases = (
				0184F72E2553B56D008655E6 /* Sources */,
				0184F72F2553B56D008655E6 /* Frameworks */,
				0184F7302553B56D008655E6 /* Resources */,
			);
			buildRules = (
			);
			dependencies = (
				0184F7342553B56D008655E6 /* PBXTargetDependency */,
			);
			name = CovidCodeTests;
			productName = CovidCodeTests;
			productReference = 0184F7322553B56D008655E6 /* CovidCodeTests.xctest */;
			productType = "com.apple.product-type.bundle.unit-test";
		};
		0184F73C2553B56D008655E6 /* CovidCodeUITests */ = {
			isa = PBXNativeTarget;
			buildConfigurationList = 0184F74C2553B56E008655E6 /* Build configuration list for PBXNativeTarget "CovidCodeUITests" */;
			buildPhases = (
				0184F7392553B56D008655E6 /* Sources */,
				0184F73A2553B56D008655E6 /* Frameworks */,
				0184F73B2553B56D008655E6 /* Resources */,
			);
			buildRules = (
			);
			dependencies = (
				0184F73F2553B56D008655E6 /* PBXTargetDependency */,
			);
			name = CovidCodeUITests;
			productName = CovidCodeUITests;
			productReference = 0184F73D2553B56D008655E6 /* CovidCodeUITests.xctest */;
			productType = "com.apple.product-type.bundle.ui-testing";
		};
/* End PBXNativeTarget section */

/* Begin PBXProject section */
		0184F7192553B56A008655E6 /* Project object */ = {
			isa = PBXProject;
			attributes = {
				LastSwiftUpdateCheck = 1200;
				LastUpgradeCheck = 1200;
				TargetAttributes = {
					0184F7202553B56A008655E6 = {
						CreatedOnToolsVersion = 12.0.1;
					};
					0184F7312553B56D008655E6 = {
						CreatedOnToolsVersion = 12.0.1;
						TestTargetID = 0184F7202553B56A008655E6;
					};
					0184F73C2553B56D008655E6 = {
						CreatedOnToolsVersion = 12.0.1;
						TestTargetID = 0184F7202553B56A008655E6;
					};
				};
			};
			buildConfigurationList = 0184F71C2553B56A008655E6 /* Build configuration list for PBXProject "CovidCode" */;
			compatibilityVersion = "Xcode 9.3";
			developmentRegion = en;
			hasScannedForEncodings = 0;
			knownRegions = (
				en,
				Base,
			);
			mainGroup = 0184F7182553B56A008655E6;
			packageReferences = (
				01F437162576B9C5006CD5BC /* XCRemoteSwiftPackageReference "CodeScanner" */,
			);
			productRefGroup = 0184F7222553B56A008655E6 /* Products */;
			projectDirPath = "";
			projectRoot = "";
			targets = (
				0184F7202553B56A008655E6 /* CovidCode */,
				0184F7312553B56D008655E6 /* CovidCodeTests */,
				0184F73C2553B56D008655E6 /* CovidCodeUITests */,
			);
		};
/* End PBXProject section */

/* Begin PBXResourcesBuildPhase section */
		0184F71F2553B56A008655E6 /* Resources */ = {
			isa = PBXResourcesBuildPhase;
			buildActionMask = 2147483647;
			files = (
				0145723D2556079500809A7F /* cert.der in Resources */,
				0184F72C2553B56D008655E6 /* Preview Assets.xcassets in Resources */,
				0184F7292553B56D008655E6 /* Assets.xcassets in Resources */,
				13B55A4F258434F500BA3DE4 /* sampleRisks.json in Resources */,
			);
			runOnlyForDeploymentPostprocessing = 0;
		};
		0184F7302553B56D008655E6 /* Resources */ = {
			isa = PBXResourcesBuildPhase;
			buildActionMask = 2147483647;
			files = (
			);
			runOnlyForDeploymentPostprocessing = 0;
		};
		0184F73B2553B56D008655E6 /* Resources */ = {
			isa = PBXResourcesBuildPhase;
			buildActionMask = 2147483647;
			files = (
			);
			runOnlyForDeploymentPostprocessing = 0;
		};
/* End PBXResourcesBuildPhase section */

/* Begin PBXShellScriptBuildPhase section */
		2A1BCFCE355ABD9EEDA646B3 /* [CP] Check Pods Manifest.lock */ = {
			isa = PBXShellScriptBuildPhase;
			buildActionMask = 2147483647;
			files = (
			);
			inputFileListPaths = (
			);
			inputPaths = (
				"${PODS_PODFILE_DIR_PATH}/Podfile.lock",
				"${PODS_ROOT}/Manifest.lock",
			);
			name = "[CP] Check Pods Manifest.lock";
			outputFileListPaths = (
			);
			outputPaths = (
				"$(DERIVED_FILE_DIR)/Pods-CovidCode-checkManifestLockResult.txt",
			);
			runOnlyForDeploymentPostprocessing = 0;
			shellPath = /bin/sh;
			shellScript = "diff \"${PODS_PODFILE_DIR_PATH}/Podfile.lock\" \"${PODS_ROOT}/Manifest.lock\" > /dev/null\nif [ $? != 0 ] ; then\n    # print error to STDERR\n    echo \"error: The sandbox is not in sync with the Podfile.lock. Run 'pod install' or update your CocoaPods installation.\" >&2\n    exit 1\nfi\n# This output is used by Xcode 'outputs' to avoid re-running this script phase.\necho \"SUCCESS\" > \"${SCRIPT_OUTPUT_FILE_0}\"\n";
			showEnvVarsInLog = 0;
		};
		543D4680F9521135EDA2C837 /* [CP] Copy Pods Resources */ = {
			isa = PBXShellScriptBuildPhase;
			buildActionMask = 2147483647;
			files = (
			);
			inputFileListPaths = (
				"${PODS_ROOT}/Target Support Files/Pods-CovidCode/Pods-CovidCode-resources-${CONFIGURATION}-input-files.xcfilelist",
			);
			name = "[CP] Copy Pods Resources";
			outputFileListPaths = (
				"${PODS_ROOT}/Target Support Files/Pods-CovidCode/Pods-CovidCode-resources-${CONFIGURATION}-output-files.xcfilelist",
			);
			runOnlyForDeploymentPostprocessing = 0;
			shellPath = /bin/sh;
			shellScript = "\"${PODS_ROOT}/Target Support Files/Pods-CovidCode/Pods-CovidCode-resources.sh\"\n";
			showEnvVarsInLog = 0;
		};
/* End PBXShellScriptBuildPhase section */

/* Begin PBXSourcesBuildPhase section */
		0184F71D2553B56A008655E6 /* Sources */ = {
			isa = PBXSourcesBuildPhase;
			buildActionMask = 2147483647;
			files = (
				0175B73D25696A9000946F26 /* NetworkManager.swift in Sources */,
				0175B7502569EE2400946F26 /* FriendListUI.swift in Sources */,
				0184F7272553B56A008655E6 /* LoginUI.swift in Sources */,
				013674B6256ECB3900566821 /* QRCodeUI.swift in Sources */,
				0184F7892553C71E008655E6 /* CovidDiagnosisUI.swift in Sources */,
				AA1E2DF6256B00FA0039316C /* NetworkAddFriend.swift in Sources */,
				AA1E2E08256B04A90039316C /* NetworkRemoveUser.swift in Sources */,
				AA1E2E03256B03A50039316C /* NetworkAddUser.swift in Sources */,
				017F1A3525702BAD00C82321 /* ProfileUI.swift in Sources */,
				5A9D6E6F2579AAA5009250C9 /* FriendRequestsUI.swift in Sources */,
				135100BA257D9A8100DB52DE /* MapUI.swift in Sources */,
				0175B7552569F08000946F26 /* NewFriendUI.swift in Sources */,
				019F686B25683C3E000E2CC5 /* TabControllerUI.swift in Sources */,
				5AFC334B25815D04006F4E1E /* NetworkGetRiskHistory.swift in Sources */,
				0175B74825696EA800946F26 /* CovidCodeApp.swift in Sources */,
				5A0508C82571A3A600A04E84 /* NetworkNewRisk.swift in Sources */,
				019F68912568BE1E000E2CC5 /* CurrentDateInfoBoxUI.swift in Sources */,
				017F1A3A25702BED00C82321 /* EditProfileUI.swift in Sources */,
				AA1E2DFB256B02C60039316C /* NetworkRemoveFriend.swift in Sources */,
				017F1A3F25706AA800C82321 /* NetworkGetFriends.swift in Sources */,
				0175B73825696A0C00946F26 /* NetworkLogin.swift in Sources */,
				019F688C256852F3000E2CC5 /* CalendarUI.swift in Sources */,
				135100B9257D9A8100DB52DE /* Heatmap.swift in Sources */,
				5A9D6E6A2579A458009250C9 /* NetworkGetIncomingFriends.swift in Sources */,
				5AA988A9257DA05600CC063C /* NetworkGetRisk.swift in Sources */,
				0184F7542553C1ED008655E6 /* HomescreenUI.swift in Sources */,
				13B55A322582D65F00BA3DE4 /* NetworkGetLocations.swift in Sources */,
				5AAE40A9256C3CB100FD7C53 /* VisualEffectBlur.swift in Sources */,
				5AF6BC03256C39CB00E635F0 /* QuestionnaireUI.swift in Sources */,
				5AFB669D256EF5FC00FAF965 /* RegisterUI.swift in Sources */,
				5AF6BBFE256C39C500E635F0 /* QuestionCardUI.swift in Sources */,
			);
			runOnlyForDeploymentPostprocessing = 0;
		};
		0184F72E2553B56D008655E6 /* Sources */ = {
			isa = PBXSourcesBuildPhase;
			buildActionMask = 2147483647;
			files = (
				0184F7372553B56D008655E6 /* CovidCodeTests.swift in Sources */,
			);
			runOnlyForDeploymentPostprocessing = 0;
		};
		0184F7392553B56D008655E6 /* Sources */ = {
			isa = PBXSourcesBuildPhase;
			buildActionMask = 2147483647;
			files = (
				0184F7422553B56E008655E6 /* CovidCodeUITests.swift in Sources */,
			);
			runOnlyForDeploymentPostprocessing = 0;
		};
/* End PBXSourcesBuildPhase section */

/* Begin PBXTargetDependency section */
		0184F7342553B56D008655E6 /* PBXTargetDependency */ = {
			isa = PBXTargetDependency;
			target = 0184F7202553B56A008655E6 /* CovidCode */;
			targetProxy = 0184F7332553B56D008655E6 /* PBXContainerItemProxy */;
		};
		0184F73F2553B56D008655E6 /* PBXTargetDependency */ = {
			isa = PBXTargetDependency;
			target = 0184F7202553B56A008655E6 /* CovidCode */;
			targetProxy = 0184F73E2553B56D008655E6 /* PBXContainerItemProxy */;
		};
/* End PBXTargetDependency section */

/* Begin XCBuildConfiguration section */
		0184F7442553B56E008655E6 /* Debug */ = {
			isa = XCBuildConfiguration;
			buildSettings = {
				ALWAYS_SEARCH_USER_PATHS = NO;
				CLANG_ANALYZER_NONNULL = YES;
				CLANG_ANALYZER_NUMBER_OBJECT_CONVERSION = YES_AGGRESSIVE;
				CLANG_CXX_LANGUAGE_STANDARD = "gnu++14";
				CLANG_CXX_LIBRARY = "libc++";
				CLANG_ENABLE_MODULES = YES;
				CLANG_ENABLE_OBJC_ARC = YES;
				CLANG_ENABLE_OBJC_WEAK = YES;
				CLANG_WARN_BLOCK_CAPTURE_AUTORELEASING = YES;
				CLANG_WARN_BOOL_CONVERSION = YES;
				CLANG_WARN_COMMA = YES;
				CLANG_WARN_CONSTANT_CONVERSION = YES;
				CLANG_WARN_DEPRECATED_OBJC_IMPLEMENTATIONS = YES;
				CLANG_WARN_DIRECT_OBJC_ISA_USAGE = YES_ERROR;
				CLANG_WARN_DOCUMENTATION_COMMENTS = YES;
				CLANG_WARN_EMPTY_BODY = YES;
				CLANG_WARN_ENUM_CONVERSION = YES;
				CLANG_WARN_INFINITE_RECURSION = YES;
				CLANG_WARN_INT_CONVERSION = YES;
				CLANG_WARN_NON_LITERAL_NULL_CONVERSION = YES;
				CLANG_WARN_OBJC_IMPLICIT_RETAIN_SELF = YES;
				CLANG_WARN_OBJC_LITERAL_CONVERSION = YES;
				CLANG_WARN_OBJC_ROOT_CLASS = YES_ERROR;
				CLANG_WARN_QUOTED_INCLUDE_IN_FRAMEWORK_HEADER = YES;
				CLANG_WARN_RANGE_LOOP_ANALYSIS = YES;
				CLANG_WARN_STRICT_PROTOTYPES = YES;
				CLANG_WARN_SUSPICIOUS_MOVE = YES;
				CLANG_WARN_UNGUARDED_AVAILABILITY = YES_AGGRESSIVE;
				CLANG_WARN_UNREACHABLE_CODE = YES;
				CLANG_WARN__DUPLICATE_METHOD_MATCH = YES;
				COPY_PHASE_STRIP = NO;
				DEBUG_INFORMATION_FORMAT = dwarf;
				ENABLE_STRICT_OBJC_MSGSEND = YES;
				ENABLE_TESTABILITY = YES;
				GCC_C_LANGUAGE_STANDARD = gnu11;
				GCC_DYNAMIC_NO_PIC = NO;
				GCC_NO_COMMON_BLOCKS = YES;
				GCC_OPTIMIZATION_LEVEL = 0;
				GCC_PREPROCESSOR_DEFINITIONS = (
					"DEBUG=1",
					"$(inherited)",
				);
				GCC_WARN_64_TO_32_BIT_CONVERSION = YES;
				GCC_WARN_ABOUT_RETURN_TYPE = YES_ERROR;
				GCC_WARN_UNDECLARED_SELECTOR = YES;
				GCC_WARN_UNINITIALIZED_AUTOS = YES_AGGRESSIVE;
				GCC_WARN_UNUSED_FUNCTION = YES;
				GCC_WARN_UNUSED_VARIABLE = YES;
				IPHONEOS_DEPLOYMENT_TARGET = 14.0;
				MTL_ENABLE_DEBUG_INFO = INCLUDE_SOURCE;
				MTL_FAST_MATH = YES;
				ONLY_ACTIVE_ARCH = YES;
				SDKROOT = iphoneos;
				SWIFT_ACTIVE_COMPILATION_CONDITIONS = DEBUG;
				SWIFT_OPTIMIZATION_LEVEL = "-Onone";
			};
			name = Debug;
		};
		0184F7452553B56E008655E6 /* Release */ = {
			isa = XCBuildConfiguration;
			buildSettings = {
				ALWAYS_SEARCH_USER_PATHS = NO;
				CLANG_ANALYZER_NONNULL = YES;
				CLANG_ANALYZER_NUMBER_OBJECT_CONVERSION = YES_AGGRESSIVE;
				CLANG_CXX_LANGUAGE_STANDARD = "gnu++14";
				CLANG_CXX_LIBRARY = "libc++";
				CLANG_ENABLE_MODULES = YES;
				CLANG_ENABLE_OBJC_ARC = YES;
				CLANG_ENABLE_OBJC_WEAK = YES;
				CLANG_WARN_BLOCK_CAPTURE_AUTORELEASING = YES;
				CLANG_WARN_BOOL_CONVERSION = YES;
				CLANG_WARN_COMMA = YES;
				CLANG_WARN_CONSTANT_CONVERSION = YES;
				CLANG_WARN_DEPRECATED_OBJC_IMPLEMENTATIONS = YES;
				CLANG_WARN_DIRECT_OBJC_ISA_USAGE = YES_ERROR;
				CLANG_WARN_DOCUMENTATION_COMMENTS = YES;
				CLANG_WARN_EMPTY_BODY = YES;
				CLANG_WARN_ENUM_CONVERSION = YES;
				CLANG_WARN_INFINITE_RECURSION = YES;
				CLANG_WARN_INT_CONVERSION = YES;
				CLANG_WARN_NON_LITERAL_NULL_CONVERSION = YES;
				CLANG_WARN_OBJC_IMPLICIT_RETAIN_SELF = YES;
				CLANG_WARN_OBJC_LITERAL_CONVERSION = YES;
				CLANG_WARN_OBJC_ROOT_CLASS = YES_ERROR;
				CLANG_WARN_QUOTED_INCLUDE_IN_FRAMEWORK_HEADER = YES;
				CLANG_WARN_RANGE_LOOP_ANALYSIS = YES;
				CLANG_WARN_STRICT_PROTOTYPES = YES;
				CLANG_WARN_SUSPICIOUS_MOVE = YES;
				CLANG_WARN_UNGUARDED_AVAILABILITY = YES_AGGRESSIVE;
				CLANG_WARN_UNREACHABLE_CODE = YES;
				CLANG_WARN__DUPLICATE_METHOD_MATCH = YES;
				COPY_PHASE_STRIP = NO;
				DEBUG_INFORMATION_FORMAT = "dwarf-with-dsym";
				ENABLE_NS_ASSERTIONS = NO;
				ENABLE_STRICT_OBJC_MSGSEND = YES;
				GCC_C_LANGUAGE_STANDARD = gnu11;
				GCC_NO_COMMON_BLOCKS = YES;
				GCC_WARN_64_TO_32_BIT_CONVERSION = YES;
				GCC_WARN_ABOUT_RETURN_TYPE = YES_ERROR;
				GCC_WARN_UNDECLARED_SELECTOR = YES;
				GCC_WARN_UNINITIALIZED_AUTOS = YES_AGGRESSIVE;
				GCC_WARN_UNUSED_FUNCTION = YES;
				GCC_WARN_UNUSED_VARIABLE = YES;
				IPHONEOS_DEPLOYMENT_TARGET = 14.0;
				MTL_ENABLE_DEBUG_INFO = NO;
				MTL_FAST_MATH = YES;
				SDKROOT = iphoneos;
				SWIFT_COMPILATION_MODE = wholemodule;
				SWIFT_OPTIMIZATION_LEVEL = "-O";
				VALIDATE_PRODUCT = YES;
			};
			name = Release;
		};
		0184F7472553B56E008655E6 /* Debug */ = {
			isa = XCBuildConfiguration;
			baseConfigurationReference = 18BC94DFC9C8095EF81FBEE7 /* Pods-CovidCode.debug.xcconfig */;
			buildSettings = {
				ASSETCATALOG_COMPILER_APPICON_NAME = AppIcon;
				ASSETCATALOG_COMPILER_GLOBAL_ACCENT_COLOR_NAME = AccentColor;
				CODE_SIGN_STYLE = Automatic;
				DEVELOPMENT_ASSET_PATHS = "\"CovidCode/Preview Content\"";
				DEVELOPMENT_TEAM = 3NJXKKCV2R;
				ENABLE_PREVIEWS = YES;
				INFOPLIST_FILE = CovidCode/Info.plist;
				IPHONEOS_DEPLOYMENT_TARGET = 14.0;
				LD_RUNPATH_SEARCH_PATHS = (
					"$(inherited)",
					"@executable_path/Frameworks",
				);
				PRODUCT_BUNDLE_IDENTIFIER = CovidCode.CovidCode;
				PRODUCT_NAME = "$(TARGET_NAME)";
				SWIFT_VERSION = 5.0;
				TARGETED_DEVICE_FAMILY = "1,2";
			};
			name = Debug;
		};
		0184F7482553B56E008655E6 /* Release */ = {
			isa = XCBuildConfiguration;
			baseConfigurationReference = 56B753D33FB13642614FBB84 /* Pods-CovidCode.release.xcconfig */;
			buildSettings = {
				ASSETCATALOG_COMPILER_APPICON_NAME = AppIcon;
				ASSETCATALOG_COMPILER_GLOBAL_ACCENT_COLOR_NAME = AccentColor;
				CODE_SIGN_STYLE = Automatic;
				DEVELOPMENT_ASSET_PATHS = "\"CovidCode/Preview Content\"";
				DEVELOPMENT_TEAM = 3NJXKKCV2R;
				ENABLE_PREVIEWS = YES;
				INFOPLIST_FILE = CovidCode/Info.plist;
				IPHONEOS_DEPLOYMENT_TARGET = 14.0;
				LD_RUNPATH_SEARCH_PATHS = (
					"$(inherited)",
					"@executable_path/Frameworks",
				);
				PRODUCT_BUNDLE_IDENTIFIER = CovidCode.CovidCode;
				PRODUCT_NAME = "$(TARGET_NAME)";
				SWIFT_VERSION = 5.0;
				TARGETED_DEVICE_FAMILY = "1,2";
			};
			name = Release;
		};
		0184F74A2553B56E008655E6 /* Debug */ = {
			isa = XCBuildConfiguration;
			buildSettings = {
				ALWAYS_EMBED_SWIFT_STANDARD_LIBRARIES = YES;
				BUNDLE_LOADER = "$(TEST_HOST)";
				CODE_SIGN_STYLE = Automatic;
				INFOPLIST_FILE = CovidCodeTests/Info.plist;
				IPHONEOS_DEPLOYMENT_TARGET = 14.0;
				LD_RUNPATH_SEARCH_PATHS = (
					"$(inherited)",
					"@executable_path/Frameworks",
					"@loader_path/Frameworks",
				);
				PRODUCT_BUNDLE_IDENTIFIER = CovidCode.CovidCodeTests;
				PRODUCT_NAME = "$(TARGET_NAME)";
				SWIFT_VERSION = 5.0;
				TARGETED_DEVICE_FAMILY = "1,2";
				TEST_HOST = "$(BUILT_PRODUCTS_DIR)/CovidCode.app/CovidCode";
			};
			name = Debug;
		};
		0184F74B2553B56E008655E6 /* Release */ = {
			isa = XCBuildConfiguration;
			buildSettings = {
				ALWAYS_EMBED_SWIFT_STANDARD_LIBRARIES = YES;
				BUNDLE_LOADER = "$(TEST_HOST)";
				CODE_SIGN_STYLE = Automatic;
				INFOPLIST_FILE = CovidCodeTests/Info.plist;
				IPHONEOS_DEPLOYMENT_TARGET = 14.0;
				LD_RUNPATH_SEARCH_PATHS = (
					"$(inherited)",
					"@executable_path/Frameworks",
					"@loader_path/Frameworks",
				);
				PRODUCT_BUNDLE_IDENTIFIER = CovidCode.CovidCodeTests;
				PRODUCT_NAME = "$(TARGET_NAME)";
				SWIFT_VERSION = 5.0;
				TARGETED_DEVICE_FAMILY = "1,2";
				TEST_HOST = "$(BUILT_PRODUCTS_DIR)/CovidCode.app/CovidCode";
			};
			name = Release;
		};
		0184F74D2553B56E008655E6 /* Debug */ = {
			isa = XCBuildConfiguration;
			buildSettings = {
				ALWAYS_EMBED_SWIFT_STANDARD_LIBRARIES = YES;
				CODE_SIGN_STYLE = Automatic;
				INFOPLIST_FILE = CovidCodeUITests/Info.plist;
				LD_RUNPATH_SEARCH_PATHS = (
					"$(inherited)",
					"@executable_path/Frameworks",
					"@loader_path/Frameworks",
				);
				PRODUCT_BUNDLE_IDENTIFIER = CovidCode.CovidCodeUITests;
				PRODUCT_NAME = "$(TARGET_NAME)";
				SWIFT_VERSION = 5.0;
				TARGETED_DEVICE_FAMILY = "1,2";
				TEST_TARGET_NAME = CovidCode;
			};
			name = Debug;
		};
		0184F74E2553B56E008655E6 /* Release */ = {
			isa = XCBuildConfiguration;
			buildSettings = {
				ALWAYS_EMBED_SWIFT_STANDARD_LIBRARIES = YES;
				CODE_SIGN_STYLE = Automatic;
				INFOPLIST_FILE = CovidCodeUITests/Info.plist;
				LD_RUNPATH_SEARCH_PATHS = (
					"$(inherited)",
					"@executable_path/Frameworks",
					"@loader_path/Frameworks",
				);
				PRODUCT_BUNDLE_IDENTIFIER = CovidCode.CovidCodeUITests;
				PRODUCT_NAME = "$(TARGET_NAME)";
				SWIFT_VERSION = 5.0;
				TARGETED_DEVICE_FAMILY = "1,2";
				TEST_TARGET_NAME = CovidCode;
			};
			name = Release;
		};
/* End XCBuildConfiguration section */

/* Begin XCConfigurationList section */
		0184F71C2553B56A008655E6 /* Build configuration list for PBXProject "CovidCode" */ = {
			isa = XCConfigurationList;
			buildConfigurations = (
				0184F7442553B56E008655E6 /* Debug */,
				0184F7452553B56E008655E6 /* Release */,
			);
			defaultConfigurationIsVisible = 0;
			defaultConfigurationName = Release;
		};
		0184F7462553B56E008655E6 /* Build configuration list for PBXNativeTarget "CovidCode" */ = {
			isa = XCConfigurationList;
			buildConfigurations = (
				0184F7472553B56E008655E6 /* Debug */,
				0184F7482553B56E008655E6 /* Release */,
			);
			defaultConfigurationIsVisible = 0;
			defaultConfigurationName = Release;
		};
		0184F7492553B56E008655E6 /* Build configuration list for PBXNativeTarget "CovidCodeTests" */ = {
			isa = XCConfigurationList;
			buildConfigurations = (
				0184F74A2553B56E008655E6 /* Debug */,
				0184F74B2553B56E008655E6 /* Release */,
			);
			defaultConfigurationIsVisible = 0;
			defaultConfigurationName = Release;
		};
		0184F74C2553B56E008655E6 /* Build configuration list for PBXNativeTarget "CovidCodeUITests" */ = {
			isa = XCConfigurationList;
			buildConfigurations = (
				0184F74D2553B56E008655E6 /* Debug */,
				0184F74E2553B56E008655E6 /* Release */,
			);
			defaultConfigurationIsVisible = 0;
			defaultConfigurationName = Release;
		};
/* End XCConfigurationList section */

/* Begin XCRemoteSwiftPackageReference section */
		01F437162576B9C5006CD5BC /* XCRemoteSwiftPackageReference "CodeScanner" */ = {
			isa = XCRemoteSwiftPackageReference;
			repositoryURL = "https://github.com/twostraws/CodeScanner";
			requirement = {
				kind = upToNextMajorVersion;
				minimumVersion = 1.0.7;
			};
		};
/* End XCRemoteSwiftPackageReference section */

/* Begin XCSwiftPackageProductDependency section */
		01F437172576B9C5006CD5BC /* CodeScanner */ = {
			isa = XCSwiftPackageProductDependency;
			package = 01F437162576B9C5006CD5BC /* XCRemoteSwiftPackageReference "CodeScanner" */;
			productName = CodeScanner;
		};
/* End XCSwiftPackageProductDependency section */
	};
	rootObject = 0184F7192553B56A008655E6 /* Project object */;
}
